
Microsoft Visual Studio Solution File, Format Version 12.00
# Visual Studio Version 17
VisualStudioVersion = 17.11.35327.3
MinimumVisualStudioVersion = 10.0.40219.1
Project("{8BC9CEB8-8B4A-11D0-8D11-00A0C91BC942}") = "Cocktail", "Cocktail.vcxproj", "{61E51956-B250-4566-AB3E-14B77047A43B}"
EndProject
Global
	GlobalSection(SolutionConfigurationPlatforms) = preSolution
		Debug|x64 = Debug|x64
		Debug|x86 = Debug|x86
		Release|x64 = Release|x64
		Release|x86 = Release|x86
	EndGlobalSection
	GlobalSection(ProjectConfigurationPlatforms) = postSolution
		{61E51956-B250-4566-AB3E-14B77047A43B}.Debug|x64.ActiveCfg = Debug|Win32
		{61E51956-B250-4566-AB3E-14B77047A43B}.Debug|x64.Build.0 = Debug|Win32
		{61E51956-B250-4566-AB3E-14B77047A43B}.Debug|x86.ActiveCfg = Debug|Win32
		{61E51956-B250-4566-AB3E-14B77047A43B}.Debug|x86.Build.0 = Debug|Win32
		{61E51956-B250-4566-AB3E-14B77047A43B}.Release|x64.ActiveCfg = Release|x64
		{61E51956-B250-4566-AB3E-14B77047A43B}.Release|x64.Build.0 = Release|x64
		{61E51956-B250-4566-AB3E-14B77047A43B}.Release|x86.ActiveCfg = Release|Win32
		{61E51956-B250-4566-AB3E-14B77047A43B}.Release|x86.Build.0 = Release|Win32
	EndGlobalSection
	GlobalSection(SolutionProperties) = preSolution
		HideSolutionNode = FALSE
	EndGlobalSection
	GlobalSection(ExtensibilityGlobals) = postSolution
		SolutionGuid = {10EDB85F-A571-4493-8D6A-51E280635B41}
	EndGlobalSection
EndGlobal
